
Microsoft Visual Studio Solution File, Format Version 12.00
# Visual Studio Version 16
VisualStudioVersion = 16.0.30309.148
MinimumVisualStudioVersion = 10.0.40219.1
Project("{FAE04EC0-301F-11D3-BF4B-00C04F79EFBC}") = "Eventos.BR", "Eventos.BR\Eventos.BR.csproj", "{D3260C1E-D90F-43EF-BE35-1FD511209739}"
EndProject
Global
	GlobalSection(SolutionConfigurationPlatforms) = preSolution
		Debug|Any CPU = Debug|Any CPU
		Release|Any CPU = Release|Any CPU
	EndGlobalSection
	GlobalSection(ProjectConfigurationPlatforms) = postSolution
		{D3260C1E-D90F-43EF-BE35-1FD511209739}.Debug|Any CPU.ActiveCfg = Debug|Any CPU
		{D3260C1E-D90F-43EF-BE35-1FD511209739}.Debug|Any CPU.Build.0 = Debug|Any CPU
		{D3260C1E-D90F-43EF-BE35-1FD511209739}.Release|Any CPU.ActiveCfg = Release|Any CPU
		{D3260C1E-D90F-43EF-BE35-1FD511209739}.Release|Any CPU.Build.0 = Release|Any CPU
	EndGlobalSection
	GlobalSection(SolutionProperties) = preSolution
		HideSolutionNode = FALSE
	EndGlobalSection
	GlobalSection(ExtensibilityGlobals) = postSolution
		SolutionGuid = {CB17CC98-904C-47FF-9116-EAFD388DB000}
	EndGlobalSection
EndGlobal
